
Microsoft Visual Studio Solution File, Format Version 12.00
# Visual Studio 15
VisualStudioVersion = 15.0.26430.14
MinimumVisualStudioVersion = 10.0.40219.1
Project("{9A19103F-16F7-4668-BE54-9A1E7A4F7556}") = "JaffaMania.Website", "SourceCode\JaffaMania.Website\JaffaMania.Website.csproj", "{1A64CB8C-BD97-498B-9711-C5F0EADB444E}"
EndProject
Project("{2150E333-8FDC-42A3-9474-1A3956D46DE8}") = "SourceCode", "SourceCode", "{530471FD-1796-4ED2-AB2C-F8792292CE8E}"
EndProject
Project("{2150E333-8FDC-42A3-9474-1A3956D46DE8}") = "Tests", "Tests", "{085122AE-7AF9-4241-A0F5-E6B23031732C}"
EndProject
Global
	GlobalSection(SolutionConfigurationPlatforms) = preSolution
		Debug|Any CPU = Debug|Any CPU
		Release|Any CPU = Release|Any CPU
	EndGlobalSection
	GlobalSection(ProjectConfigurationPlatforms) = postSolution
		{1A64CB8C-BD97-498B-9711-C5F0EADB444E}.Debug|Any CPU.ActiveCfg = Debug|Any CPU
		{1A64CB8C-BD97-498B-9711-C5F0EADB444E}.Debug|Any CPU.Build.0 = Debug|Any CPU
		{1A64CB8C-BD97-498B-9711-C5F0EADB444E}.Release|Any CPU.ActiveCfg = Release|Any CPU
		{1A64CB8C-BD97-498B-9711-C5F0EADB444E}.Release|Any CPU.Build.0 = Release|Any CPU
	EndGlobalSection
	GlobalSection(SolutionProperties) = preSolution
		HideSolutionNode = FALSE
	EndGlobalSection
	GlobalSection(NestedProjects) = preSolution
		{1A64CB8C-BD97-498B-9711-C5F0EADB444E} = {530471FD-1796-4ED2-AB2C-F8792292CE8E}
	EndGlobalSection
EndGlobal
